
Microsoft Visual Studio Solution File, Format Version 12.00
# Visual Studio 15
VisualStudioVersion = 15.0.26124.0
MinimumVisualStudioVersion = 15.0.26124.0
Project("{FAE04EC0-301F-11D3-BF4B-00C04F79EFBC}") = "CreatingAndCallingMethods", "CreatingAndCallingMethods\CreatingAndCallingMethods.csproj", "{95351568-6642-464B-A046-5EF80F4CCF9F}"
EndProject
Project("{FAE04EC0-301F-11D3-BF4B-00C04F79EFBC}") = "ArraysAndCollections", "ArraysAndCollections\ArraysAndCollections.csproj", "{1BDE8A44-CBD5-4D6D-B65F-C876E08F2DDB}"
EndProject
Project("{FAE04EC0-301F-11D3-BF4B-00C04F79EFBC}") = "DataTypesAndVariables", "DataTypesAndVariables\DataTypesAndVariables.csproj", "{A6E96AEB-046A-43A0-B2A1-CD012471F109}"
EndProject
Project("{FAE04EC0-301F-11D3-BF4B-00C04F79EFBC}") = "Iterations", "Iterations\Iterations.csproj", "{BA491875-060C-49AC-A20A-8D4085EA377E}"
EndProject
Project("{FAE04EC0-301F-11D3-BF4B-00C04F79EFBC}") = "MakingDecisions", "MakingDecisions\MakingDecisions.csproj", "{DAD43CA5-B8B2-4B65-A32E-32506D72E912}"
EndProject
Project("{FAE04EC0-301F-11D3-BF4B-00C04F79EFBC}") = "StatementsAndExpressions", "StatementsAndExpressions\StatementsAndExpressions.csproj", "{2C39CD51-E83F-46C2-BBB6-AD6092901430}"
EndProject
Project("{FAE04EC0-301F-11D3-BF4B-00C04F79EFBC}") = "WorkingWithFiles", "WorkingWithFiles\WorkingWithFiles.csproj", "{5AF3ECDB-2773-4F5F-855B-E56946D5549B}"
EndProject
Project("{FAE04EC0-301F-11D3-BF4B-00C04F79EFBC}") = "WorkingWithStrings", "WorkingWithStrings\WorkingWithStrings.csproj", "{B873BFE8-205D-4FAA-A2A8-E5A87189AEEC}"
EndProject
Project("{FAE04EC0-301F-11D3-BF4B-00C04F79EFBC}") = "AccessModifiers", "AccessModifiers\AccessModifiers.csproj", "{CE765B36-A6D1-4C00-BD8A-9D9B255EF279}"
EndProject
Project("{FAE04EC0-301F-11D3-BF4B-00C04F79EFBC}") = "Classes", "Classes\Classes.csproj", "{43C864E6-0CDE-4FDF-B35C-C1D451171DE5}"
EndProject
Project("{FAE04EC0-301F-11D3-BF4B-00C04F79EFBC}") = "HandlingExceptions", "HandlingExceptions\HandlingExceptions.csproj", "{B28FB18C-0920-48A9-B1C3-007A0B9ABDE4}"
EndProject
Project("{FAE04EC0-301F-11D3-BF4B-00C04F79EFBC}") = "Inheritance", "Inheritance\Inheritance.csproj", "{4A599AC1-5F27-4A74-BB35-09DDC8BA733B}"
EndProject
Project("{FAE04EC0-301F-11D3-BF4B-00C04F79EFBC}") = "InterfacesAndEnums", "InterfacesAndEnums\InterfacesAndEnums.csproj", "{EBE518FB-4B88-4112-98CD-2A5D090DC103}"
EndProject
Project("{FAE04EC0-301F-11D3-BF4B-00C04F79EFBC}") = "SimpleCurrencyConverter", "SimpleCurrencyConverter\SimpleCurrencyConverter.csproj", "{506A82CE-A6A1-4384-81F4-306054C97790}"
EndProject
Project("{FAE04EC0-301F-11D3-BF4B-00C04F79EFBC}") = "UsingLINQ", "UsingLINQ\UsingLINQ.csproj", "{B99AFC84-885F-4395-9239-717D31B12233}"
EndProject
Project("{FAE04EC0-301F-11D3-BF4B-00C04F79EFBC}") = "WorkingWithDatesAndTime", "WorkingWithDatesAndTime\WorkingWithDatesAndTime.csproj", "{08B20BE1-CF1F-431E-A970-BA0C6529FED4}"
EndProject
Global
	GlobalSection(SolutionConfigurationPlatforms) = preSolution
		Debug|Any CPU = Debug|Any CPU
		Debug|x64 = Debug|x64
		Debug|x86 = Debug|x86
		Release|Any CPU = Release|Any CPU
		Release|x64 = Release|x64
		Release|x86 = Release|x86
	EndGlobalSection
	GlobalSection(SolutionProperties) = preSolution
		HideSolutionNode = FALSE
	EndGlobalSection
	GlobalSection(ProjectConfigurationPlatforms) = postSolution
		{95351568-6642-464B-A046-5EF80F4CCF9F}.Debug|Any CPU.ActiveCfg = Debug|Any CPU
		{95351568-6642-464B-A046-5EF80F4CCF9F}.Debug|Any CPU.Build.0 = Debug|Any CPU
		{95351568-6642-464B-A046-5EF80F4CCF9F}.Debug|x64.ActiveCfg = Debug|Any CPU
		{95351568-6642-464B-A046-5EF80F4CCF9F}.Debug|x64.Build.0 = Debug|Any CPU
		{95351568-6642-464B-A046-5EF80F4CCF9F}.Debug|x86.ActiveCfg = Debug|Any CPU
		{95351568-6642-464B-A046-5EF80F4CCF9F}.Debug|x86.Build.0 = Debug|Any CPU
		{95351568-6642-464B-A046-5EF80F4CCF9F}.Release|Any CPU.ActiveCfg = Release|Any CPU
		{95351568-6642-464B-A046-5EF80F4CCF9F}.Release|Any CPU.Build.0 = Release|Any CPU
		{95351568-6642-464B-A046-5EF80F4CCF9F}.Release|x64.ActiveCfg = Release|Any CPU
		{95351568-6642-464B-A046-5EF80F4CCF9F}.Release|x64.Build.0 = Release|Any CPU
		{95351568-6642-464B-A046-5EF80F4CCF9F}.Release|x86.ActiveCfg = Release|Any CPU
		{95351568-6642-464B-A046-5EF80F4CCF9F}.Release|x86.Build.0 = Release|Any CPU
		{1BDE8A44-CBD5-4D6D-B65F-C876E08F2DDB}.Debug|Any CPU.ActiveCfg = Debug|Any CPU
		{1BDE8A44-CBD5-4D6D-B65F-C876E08F2DDB}.Debug|Any CPU.Build.0 = Debug|Any CPU
		{1BDE8A44-CBD5-4D6D-B65F-C876E08F2DDB}.Debug|x64.ActiveCfg = Debug|Any CPU
		{1BDE8A44-CBD5-4D6D-B65F-C876E08F2DDB}.Debug|x64.Build.0 = Debug|Any CPU
		{1BDE8A44-CBD5-4D6D-B65F-C876E08F2DDB}.Debug|x86.ActiveCfg = Debug|Any CPU
		{1BDE8A44-CBD5-4D6D-B65F-C876E08F2DDB}.Debug|x86.Build.0 = Debug|Any CPU
		{1BDE8A44-CBD5-4D6D-B65F-C876E08F2DDB}.Release|Any CPU.ActiveCfg = Release|Any CPU
		{1BDE8A44-CBD5-4D6D-B65F-C876E08F2DDB}.Release|Any CPU.Build.0 = Release|Any CPU
		{1BDE8A44-CBD5-4D6D-B65F-C876E08F2DDB}.Release|x64.ActiveCfg = Release|Any CPU
		{1BDE8A44-CBD5-4D6D-B65F-C876E08F2DDB}.Release|x64.Build.0 = Release|Any CPU
		{1BDE8A44-CBD5-4D6D-B65F-C876E08F2DDB}.Release|x86.ActiveCfg = Release|Any CPU
		{1BDE8A44-CBD5-4D6D-B65F-C876E08F2DDB}.Release|x86.Build.0 = Release|Any CPU
		{A6E96AEB-046A-43A0-B2A1-CD012471F109}.Debug|Any CPU.ActiveCfg = Debug|Any CPU
		{A6E96AEB-046A-43A0-B2A1-CD012471F109}.Debug|Any CPU.Build.0 = Debug|Any CPU
		{A6E96AEB-046A-43A0-B2A1-CD012471F109}.Debug|x64.ActiveCfg = Debug|Any CPU
		{A6E96AEB-046A-43A0-B2A1-CD012471F109}.Debug|x64.Build.0 = Debug|Any CPU
		{A6E96AEB-046A-43A0-B2A1-CD012471F109}.Debug|x86.ActiveCfg = Debug|Any CPU
		{A6E96AEB-046A-43A0-B2A1-CD012471F109}.Debug|x86.Build.0 = Debug|Any CPU
		{A6E96AEB-046A-43A0-B2A1-CD012471F109}.Release|Any CPU.ActiveCfg = Release|Any CPU
		{A6E96AEB-046A-43A0-B2A1-CD012471F109}.Release|Any CPU.Build.0 = Release|Any CPU
		{A6E96AEB-046A-43A0-B2A1-CD012471F109}.Release|x64.ActiveCfg = Release|Any CPU
		{A6E96AEB-046A-43A0-B2A1-CD012471F109}.Release|x64.Build.0 = Release|Any CPU
		{A6E96AEB-046A-43A0-B2A1-CD012471F109}.Release|x86.ActiveCfg = Release|Any CPU
		{A6E96AEB-046A-43A0-B2A1-CD012471F109}.Release|x86.Build.0 = Release|Any CPU
		{BA491875-060C-49AC-A20A-8D4085EA377E}.Debug|Any CPU.ActiveCfg = Debug|Any CPU
		{BA491875-060C-49AC-A20A-8D4085EA377E}.Debug|Any CPU.Build.0 = Debug|Any CPU
		{BA491875-060C-49AC-A20A-8D4085EA377E}.Debug|x64.ActiveCfg = Debug|Any CPU
		{BA491875-060C-49AC-A20A-8D4085EA377E}.Debug|x64.Build.0 = Debug|Any CPU
		{BA491875-060C-49AC-A20A-8D4085EA377E}.Debug|x86.ActiveCfg = Debug|Any CPU
		{BA491875-060C-49AC-A20A-8D4085EA377E}.Debug|x86.Build.0 = Debug|Any CPU
		{BA491875-060C-49AC-A20A-8D4085EA377E}.Release|Any CPU.ActiveCfg = Release|Any CPU
		{BA491875-060C-49AC-A20A-8D4085EA377E}.Release|Any CPU.Build.0 = Release|Any CPU
		{BA491875-060C-49AC-A20A-8D4085EA377E}.Release|x64.ActiveCfg = Release|Any CPU
		{BA491875-060C-49AC-A20A-8D4085EA377E}.Release|x64.Build.0 = Release|Any CPU
		{BA491875-060C-49AC-A20A-8D4085EA377E}.Release|x86.ActiveCfg = Release|Any CPU
		{BA491875-060C-49AC-A20A-8D4085EA377E}.Release|x86.Build.0 = Release|Any CPU
		{DAD43CA5-B8B2-4B65-A32E-32506D72E912}.Debug|Any CPU.ActiveCfg = Debug|Any CPU
		{DAD43CA5-B8B2-4B65-A32E-32506D72E912}.Debug|Any CPU.Build.0 = Debug|Any CPU
		{DAD43CA5-B8B2-4B65-A32E-32506D72E912}.Debug|x64.ActiveCfg = Debug|Any CPU
		{DAD43CA5-B8B2-4B65-A32E-32506D72E912}.Debug|x64.Build.0 = Debug|Any CPU
		{DAD43CA5-B8B2-4B65-A32E-32506D72E912}.Debug|x86.ActiveCfg = Debug|Any CPU
		{DAD43CA5-B8B2-4B65-A32E-32506D72E912}.Debug|x86.Build.0 = Debug|Any CPU
		{DAD43CA5-B8B2-4B65-A32E-32506D72E912}.Release|Any CPU.ActiveCfg = Release|Any CPU
		{DAD43CA5-B8B2-4B65-A32E-32506D72E912}.Release|Any CPU.Build.0 = Release|Any CPU
		{DAD43CA5-B8B2-4B65-A32E-32506D72E912}.Release|x64.ActiveCfg = Release|Any CPU
		{DAD43CA5-B8B2-4B65-A32E-32506D72E912}.Release|x64.Build.0 = Release|Any CPU
		{DAD43CA5-B8B2-4B65-A32E-32506D72E912}.Release|x86.ActiveCfg = Release|Any CPU
		{DAD43CA5-B8B2-4B65-A32E-32506D72E912}.Release|x86.Build.0 = Release|Any CPU
		{2C39CD51-E83F-46C2-BBB6-AD6092901430}.Debug|Any CPU.ActiveCfg = Debug|Any CPU
		{2C39CD51-E83F-46C2-BBB6-AD6092901430}.Debug|Any CPU.Build.0 = Debug|Any CPU
		{2C39CD51-E83F-46C2-BBB6-AD6092901430}.Debug|x64.ActiveCfg = Debug|Any CPU
		{2C39CD51-E83F-46C2-BBB6-AD6092901430}.Debug|x64.Build.0 = Debug|Any CPU
		{2C39CD51-E83F-46C2-BBB6-AD6092901430}.Debug|x86.ActiveCfg = Debug|Any CPU
		{2C39CD51-E83F-46C2-BBB6-AD6092901430}.Debug|x86.Build.0 = Debug|Any CPU
		{2C39CD51-E83F-46C2-BBB6-AD6092901430}.Release|Any CPU.ActiveCfg = Release|Any CPU
		{2C39CD51-E83F-46C2-BBB6-AD6092901430}.Release|Any CPU.Build.0 = Release|Any CPU
		{2C39CD51-E83F-46C2-BBB6-AD6092901430}.Release|x64.ActiveCfg = Release|Any CPU
		{2C39CD51-E83F-46C2-BBB6-AD6092901430}.Release|x64.Build.0 = Release|Any CPU
		{2C39CD51-E83F-46C2-BBB6-AD6092901430}.Release|x86.ActiveCfg = Release|Any CPU
		{2C39CD51-E83F-46C2-BBB6-AD6092901430}.Release|x86.Build.0 = Release|Any CPU
		{5AF3ECDB-2773-4F5F-855B-E56946D5549B}.Debug|Any CPU.ActiveCfg = Debug|Any CPU
		{5AF3ECDB-2773-4F5F-855B-E56946D5549B}.Debug|Any CPU.Build.0 = Debug|Any CPU
		{5AF3ECDB-2773-4F5F-855B-E56946D5549B}.Debug|x64.ActiveCfg = Debug|Any CPU
		{5AF3ECDB-2773-4F5F-855B-E56946D5549B}.Debug|x64.Build.0 = Debug|Any CPU
		{5AF3ECDB-2773-4F5F-855B-E56946D5549B}.Debug|x86.ActiveCfg = Debug|Any CPU
		{5AF3ECDB-2773-4F5F-855B-E56946D5549B}.Debug|x86.Build.0 = Debug|Any CPU
		{5AF3ECDB-2773-4F5F-855B-E56946D5549B}.Release|Any CPU.ActiveCfg = Release|Any CPU
		{5AF3ECDB-2773-4F5F-855B-E56946D5549B}.Release|Any CPU.Build.0 = Release|Any CPU
		{5AF3ECDB-2773-4F5F-855B-E56946D5549B}.Release|x64.ActiveCfg = Release|Any CPU
		{5AF3ECDB-2773-4F5F-855B-E56946D5549B}.Release|x64.Build.0 = Release|Any CPU
		{5AF3ECDB-2773-4F5F-855B-E56946D5549B}.Release|x86.ActiveCfg = Release|Any CPU
		{5AF3ECDB-2773-4F5F-855B-E56946D5549B}.Release|x86.Build.0 = Release|Any CPU
		{B873BFE8-205D-4FAA-A2A8-E5A87189AEEC}.Debug|Any CPU.ActiveCfg = Debug|Any CPU
		{B873BFE8-205D-4FAA-A2A8-E5A87189AEEC}.Debug|Any CPU.Build.0 = Debug|Any CPU
		{B873BFE8-205D-4FAA-A2A8-E5A87189AEEC}.Debug|x64.ActiveCfg = Debug|Any CPU
		{B873BFE8-205D-4FAA-A2A8-E5A87189AEEC}.Debug|x64.Build.0 = Debug|Any CPU
		{B873BFE8-205D-4FAA-A2A8-E5A87189AEEC}.Debug|x86.ActiveCfg = Debug|Any CPU
		{B873BFE8-205D-4FAA-A2A8-E5A87189AEEC}.Debug|x86.Build.0 = Debug|Any CPU
		{B873BFE8-205D-4FAA-A2A8-E5A87189AEEC}.Release|Any CPU.ActiveCfg = Release|Any CPU
		{B873BFE8-205D-4FAA-A2A8-E5A87189AEEC}.Release|Any CPU.Build.0 = Release|Any CPU
		{B873BFE8-205D-4FAA-A2A8-E5A87189AEEC}.Release|x64.ActiveCfg = Release|Any CPU
		{B873BFE8-205D-4FAA-A2A8-E5A87189AEEC}.Release|x64.Build.0 = Release|Any CPU
		{B873BFE8-205D-4FAA-A2A8-E5A87189AEEC}.Release|x86.ActiveCfg = Release|Any CPU
		{B873BFE8-205D-4FAA-A2A8-E5A87189AEEC}.Release|x86.Build.0 = Release|Any CPU
		{CE765B36-A6D1-4C00-BD8A-9D9B255EF279}.Debug|Any CPU.ActiveCfg = Debug|Any CPU
		{CE765B36-A6D1-4C00-BD8A-9D9B255EF279}.Debug|Any CPU.Build.0 = Debug|Any CPU
		{CE765B36-A6D1-4C00-BD8A-9D9B255EF279}.Debug|x64.ActiveCfg = Debug|Any CPU
		{CE765B36-A6D1-4C00-BD8A-9D9B255EF279}.Debug|x64.Build.0 = Debug|Any CPU
		{CE765B36-A6D1-4C00-BD8A-9D9B255EF279}.Debug|x86.ActiveCfg = Debug|Any CPU
		{CE765B36-A6D1-4C00-BD8A-9D9B255EF279}.Debug|x86.Build.0 = Debug|Any CPU
		{CE765B36-A6D1-4C00-BD8A-9D9B255EF279}.Release|Any CPU.ActiveCfg = Release|Any CPU
		{CE765B36-A6D1-4C00-BD8A-9D9B255EF279}.Release|Any CPU.Build.0 = Release|Any CPU
		{CE765B36-A6D1-4C00-BD8A-9D9B255EF279}.Release|x64.ActiveCfg = Release|Any CPU
		{CE765B36-A6D1-4C00-BD8A-9D9B255EF279}.Release|x64.Build.0 = Release|Any CPU
		{CE765B36-A6D1-4C00-BD8A-9D9B255EF279}.Release|x86.ActiveCfg = Release|Any CPU
		{CE765B36-A6D1-4C00-BD8A-9D9B255EF279}.Release|x86.Build.0 = Release|Any CPU
		{43C864E6-0CDE-4FDF-B35C-C1D451171DE5}.Debug|Any CPU.ActiveCfg = Debug|Any CPU
		{43C864E6-0CDE-4FDF-B35C-C1D451171DE5}.Debug|Any CPU.Build.0 = Debug|Any CPU
		{43C864E6-0CDE-4FDF-B35C-C1D451171DE5}.Debug|x64.ActiveCfg = Debug|Any CPU
		{43C864E6-0CDE-4FDF-B35C-C1D451171DE5}.Debug|x64.Build.0 = Debug|Any CPU
		{43C864E6-0CDE-4FDF-B35C-C1D451171DE5}.Debug|x86.ActiveCfg = Debug|Any CPU
		{43C864E6-0CDE-4FDF-B35C-C1D451171DE5}.Debug|x86.Build.0 = Debug|Any CPU
		{43C864E6-0CDE-4FDF-B35C-C1D451171DE5}.Release|Any CPU.ActiveCfg = Release|Any CPU
		{43C864E6-0CDE-4FDF-B35C-C1D451171DE5}.Release|Any CPU.Build.0 = Release|Any CPU
		{43C864E6-0CDE-4FDF-B35C-C1D451171DE5}.Release|x64.ActiveCfg = Release|Any CPU
		{43C864E6-0CDE-4FDF-B35C-C1D451171DE5}.Release|x64.Build.0 = Release|Any CPU
		{43C864E6-0CDE-4FDF-B35C-C1D451171DE5}.Release|x86.ActiveCfg = Release|Any CPU
		{43C864E6-0CDE-4FDF-B35C-C1D451171DE5}.Release|x86.Build.0 = Release|Any CPU
		{B28FB18C-0920-48A9-B1C3-007A0B9ABDE4}.Debug|Any CPU.ActiveCfg = Debug|Any CPU
		{B28FB18C-0920-48A9-B1C3-007A0B9ABDE4}.Debug|Any CPU.Build.0 = Debug|Any CPU
		{B28FB18C-0920-48A9-B1C3-007A0B9ABDE4}.Debug|x64.ActiveCfg = Debug|Any CPU
		{B28FB18C-0920-48A9-B1C3-007A0B9ABDE4}.Debug|x64.Build.0 = Debug|Any CPU
		{B28FB18C-0920-48A9-B1C3-007A0B9ABDE4}.Debug|x86.ActiveCfg = Debug|Any CPU
		{B28FB18C-0920-48A9-B1C3-007A0B9ABDE4}.Debug|x86.Build.0 = Debug|Any CPU
		{B28FB18C-0920-48A9-B1C3-007A0B9ABDE4}.Release|Any CPU.ActiveCfg = Release|Any CPU
		{B28FB18C-0920-48A9-B1C3-007A0B9ABDE4}.Release|Any CPU.Build.0 = Release|Any CPU
		{B28FB18C-0920-48A9-B1C3-007A0B9ABDE4}.Release|x64.ActiveCfg = Release|Any CPU
		{B28FB18C-0920-48A9-B1C3-007A0B9ABDE4}.Release|x64.Build.0 = Release|Any CPU
		{B28FB18C-0920-48A9-B1C3-007A0B9ABDE4}.Release|x86.ActiveCfg = Release|Any CPU
		{B28FB18C-0920-48A9-B1C3-007A0B9ABDE4}.Release|x86.Build.0 = Release|Any CPU
		{4A599AC1-5F27-4A74-BB35-09DDC8BA733B}.Debug|Any CPU.ActiveCfg = Debug|Any CPU
		{4A599AC1-5F27-4A74-BB35-09DDC8BA733B}.Debug|Any CPU.Build.0 = Debug|Any CPU
		{4A599AC1-5F27-4A74-BB35-09DDC8BA733B}.Debug|x64.ActiveCfg = Debug|Any CPU
		{4A599AC1-5F27-4A74-BB35-09DDC8BA733B}.Debug|x64.Build.0 = Debug|Any CPU
		{4A599AC1-5F27-4A74-BB35-09DDC8BA733B}.Debug|x86.ActiveCfg = Debug|Any CPU
		{4A599AC1-5F27-4A74-BB35-09DDC8BA733B}.Debug|x86.Build.0 = Debug|Any CPU
		{4A599AC1-5F27-4A74-BB35-09DDC8BA733B}.Release|Any CPU.ActiveCfg = Release|Any CPU
		{4A599AC1-5F27-4A74-BB35-09DDC8BA733B}.Release|Any CPU.Build.0 = Release|Any CPU
		{4A599AC1-5F27-4A74-BB35-09DDC8BA733B}.Release|x64.ActiveCfg = Release|Any CPU
		{4A599AC1-5F27-4A74-BB35-09DDC8BA733B}.Release|x64.Build.0 = Release|Any CPU
		{4A599AC1-5F27-4A74-BB35-09DDC8BA733B}.Release|x86.ActiveCfg = Release|Any CPU
		{4A599AC1-5F27-4A74-BB35-09DDC8BA733B}.Release|x86.Build.0 = Release|Any CPU
		{EBE518FB-4B88-4112-98CD-2A5D090DC103}.Debug|Any CPU.ActiveCfg = Debug|Any CPU
		{EBE518FB-4B88-4112-98CD-2A5D090DC103}.Debug|Any CPU.Build.0 = Debug|Any CPU
		{EBE518FB-4B88-4112-98CD-2A5D090DC103}.Debug|x64.ActiveCfg = Debug|Any CPU
		{EBE518FB-4B88-4112-98CD-2A5D090DC103}.Debug|x64.Build.0 = Debug|Any CPU
		{EBE518FB-4B88-4112-98CD-2A5D090DC103}.Debug|x86.ActiveCfg = Debug|Any CPU
		{EBE518FB-4B88-4112-98CD-2A5D090DC103}.Debug|x86.Build.0 = Debug|Any CPU
		{EBE518FB-4B88-4112-98CD-2A5D090DC103}.Release|Any CPU.ActiveCfg = Release|Any CPU
		{EBE518FB-4B88-4112-98CD-2A5D090DC103}.Release|Any CPU.Build.0 = Release|Any CPU
		{EBE518FB-4B88-4112-98CD-2A5D090DC103}.Release|x64.ActiveCfg = Release|Any CPU
		{EBE518FB-4B88-4112-98CD-2A5D090DC103}.Release|x64.Build.0 = Release|Any CPU
		{EBE518FB-4B88-4112-98CD-2A5D090DC103}.Release|x86.ActiveCfg = Release|Any CPU
		{EBE518FB-4B88-4112-98CD-2A5D090DC103}.Release|x86.Build.0 = Release|Any CPU
		{506A82CE-A6A1-4384-81F4-306054C97790}.Debug|Any CPU.ActiveCfg = Debug|Any CPU
		{506A82CE-A6A1-4384-81F4-306054C97790}.Debug|Any CPU.Build.0 = Debug|Any CPU
		{506A82CE-A6A1-4384-81F4-306054C97790}.Debug|x64.ActiveCfg = Debug|Any CPU
		{506A82CE-A6A1-4384-81F4-306054C97790}.Debug|x64.Build.0 = Debug|Any CPU
		{506A82CE-A6A1-4384-81F4-306054C97790}.Debug|x86.ActiveCfg = Debug|Any CPU
		{506A82CE-A6A1-4384-81F4-306054C97790}.Debug|x86.Build.0 = Debug|Any CPU
		{506A82CE-A6A1-4384-81F4-306054C97790}.Release|Any CPU.ActiveCfg = Release|Any CPU
		{506A82CE-A6A1-4384-81F4-306054C97790}.Release|Any CPU.Build.0 = Release|Any CPU
		{506A82CE-A6A1-4384-81F4-306054C97790}.Release|x64.ActiveCfg = Release|Any CPU
		{506A82CE-A6A1-4384-81F4-306054C97790}.Release|x64.Build.0 = Release|Any CPU
		{506A82CE-A6A1-4384-81F4-306054C97790}.Release|x86.ActiveCfg = Release|Any CPU
		{506A82CE-A6A1-4384-81F4-306054C97790}.Release|x86.Build.0 = Release|Any CPU
		{B99AFC84-885F-4395-9239-717D31B12233}.Debug|Any CPU.ActiveCfg = Debug|Any CPU
		{B99AFC84-885F-4395-9239-717D31B12233}.Debug|Any CPU.Build.0 = Debug|Any CPU
		{B99AFC84-885F-4395-9239-717D31B12233}.Debug|x64.ActiveCfg = Debug|Any CPU
		{B99AFC84-885F-4395-9239-717D31B12233}.Debug|x64.Build.0 = Debug|Any CPU
		{B99AFC84-885F-4395-9239-717D31B12233}.Debug|x86.ActiveCfg = Debug|Any CPU
		{B99AFC84-885F-4395-9239-717D31B12233}.Debug|x86.Build.0 = Debug|Any CPU
		{B99AFC84-885F-4395-9239-717D31B12233}.Release|Any CPU.ActiveCfg = Release|Any CPU
		{B99AFC84-885F-4395-9239-717D31B12233}.Release|Any CPU.Build.0 = Release|Any CPU
		{B99AFC84-885F-4395-9239-717D31B12233}.Release|x64.ActiveCfg = Release|Any CPU
		{B99AFC84-885F-4395-9239-717D31B12233}.Release|x64.Build.0 = Release|Any CPU
		{B99AFC84-885F-4395-9239-717D31B12233}.Release|x86.ActiveCfg = Release|Any CPU
		{B99AFC84-885F-4395-9239-717D31B12233}.Release|x86.Build.0 = Release|Any CPU
		{08B20BE1-CF1F-431E-A970-BA0C6529FED4}.Debug|Any CPU.ActiveCfg = Debug|Any CPU
		{08B20BE1-CF1F-431E-A970-BA0C6529FED4}.Debug|Any CPU.Build.0 = Debug|Any CPU
		{08B20BE1-CF1F-431E-A970-BA0C6529FED4}.Debug|x64.ActiveCfg = Debug|Any CPU
		{08B20BE1-CF1F-431E-A970-BA0C6529FED4}.Debug|x64.Build.0 = Debug|Any CPU
		{08B20BE1-CF1F-431E-A970-BA0C6529FED4}.Debug|x86.ActiveCfg = Debug|Any CPU
		{08B20BE1-CF1F-431E-A970-BA0C6529FED4}.Debug|x86.Build.0 = Debug|Any CPU
		{08B20BE1-CF1F-431E-A970-BA0C6529FED4}.Release|Any CPU.ActiveCfg = Release|Any CPU
		{08B20BE1-CF1F-431E-A970-BA0C6529FED4}.Release|Any CPU.Build.0 = Release|Any CPU
		{08B20BE1-CF1F-431E-A970-BA0C6529FED4}.Release|x64.ActiveCfg = Release|Any CPU
		{08B20BE1-CF1F-431E-A970-BA0C6529FED4}.Release|x64.Build.0 = Release|Any CPU
		{08B20BE1-CF1F-431E-A970-BA0C6529FED4}.Release|x86.ActiveCfg = Release|Any CPU
		{08B20BE1-CF1F-431E-A970-BA0C6529FED4}.Release|x86.Build.0 = Release|Any CPU
	EndGlobalSection
EndGlobal
